
Microsoft Visual Studio Solution File, Format Version 12.00
# Visual Studio Version 17
VisualStudioVersion = 17.7.34202.233
MinimumVisualStudioVersion = 10.0.40219.1
Project("{9A19103F-16F7-4668-BE54-9A1E7A4F7556}") = "L01-OOPalapok", "L01-OOPalapok\L01-OOPalapok.csproj", "{2095C113-7850-4C64-84CD-2BA0AC5EE582}"
EndProject
Project("{9A19103F-16F7-4668-BE54-9A1E7A4F7556}") = "L02-Oroklodes", "L02-Oroklodes\L02-Oroklodes.csproj", "{9FAA41FD-E990-4358-AFFA-E5E4A8E8E3E6}"
EndProject
Project("{9A19103F-16F7-4668-BE54-9A1E7A4F7556}") = "L03-Interface", "L03-Interface\L03-Interface.csproj", "{E222DF13-46FA-4CCF-89E5-FE94FC5F3BCC}"
EndProject
Project("{9A19103F-16F7-4668-BE54-9A1E7A4F7556}") = "L04-NUnit", "L04-NUnit\L04-NUnit.csproj", "{8EB20A45-8853-4F71-AC50-E3FA5D5834E0}"
EndProject
Project("{9A19103F-16F7-4668-BE54-9A1E7A4F7556}") = "L04-NUnit_Tester", "L04-NUnit_Tester\L04-NUnit_Tester.csproj", "{208A141C-2083-4313-A38C-898AA2C2F8E6}"
EndProject
Project("{9A19103F-16F7-4668-BE54-9A1E7A4F7556}") = "L05-Kivetel", "L05-Kivetel\L05-Kivetel.csproj", "{DE1DD12F-2AD1-4AA1-AEB9-C26E26961726}"
EndProject
Project("{9A19103F-16F7-4668-BE54-9A1E7A4F7556}") = "L05-Kivetel_Tester", "L05-Kivetel_Tester\L05-Kivetel_Tester.csproj", "{9B5720AD-0E4E-4526-A8DF-ECC502730795}"
EndProject
Project("{9A19103F-16F7-4668-BE54-9A1E7A4F7556}") = "L06-MintaZH1", "L06-MintaZH1\L06-MintaZH1.csproj", "{3051C9F8-AFF0-4FAD-810F-D39C59DBB5DF}"
EndProject
Project("{9A19103F-16F7-4668-BE54-9A1E7A4F7556}") = "L06-MintaZH1_Tester", "L06-MintaZH1_Tester\L06-MintaZH1_Tester.csproj", "{42413226-5CF7-4A21-8BA7-D85697E4D009}"
EndProject
Project("{FAE04EC0-301F-11D3-BF4B-00C04F79EFBC}") = "L08-ProgTetelekGyakorlasa", "L08-ProgTetelekGyakorlasa\L08-ProgTetelekGyakorlasa.csproj", "{F4AE0365-C912-4BA1-B64E-143AC4073CDD}"
EndProject
Global
	GlobalSection(SolutionConfigurationPlatforms) = preSolution
		Debug|Any CPU = Debug|Any CPU
		Release|Any CPU = Release|Any CPU
	EndGlobalSection
	GlobalSection(ProjectConfigurationPlatforms) = postSolution
		{2095C113-7850-4C64-84CD-2BA0AC5EE582}.Debug|Any CPU.ActiveCfg = Debug|Any CPU
		{2095C113-7850-4C64-84CD-2BA0AC5EE582}.Debug|Any CPU.Build.0 = Debug|Any CPU
		{2095C113-7850-4C64-84CD-2BA0AC5EE582}.Release|Any CPU.ActiveCfg = Release|Any CPU
		{2095C113-7850-4C64-84CD-2BA0AC5EE582}.Release|Any CPU.Build.0 = Release|Any CPU
		{9FAA41FD-E990-4358-AFFA-E5E4A8E8E3E6}.Debug|Any CPU.ActiveCfg = Debug|Any CPU
		{9FAA41FD-E990-4358-AFFA-E5E4A8E8E3E6}.Debug|Any CPU.Build.0 = Debug|Any CPU
		{9FAA41FD-E990-4358-AFFA-E5E4A8E8E3E6}.Release|Any CPU.ActiveCfg = Release|Any CPU
		{9FAA41FD-E990-4358-AFFA-E5E4A8E8E3E6}.Release|Any CPU.Build.0 = Release|Any CPU
		{E222DF13-46FA-4CCF-89E5-FE94FC5F3BCC}.Debug|Any CPU.ActiveCfg = Debug|Any CPU
		{E222DF13-46FA-4CCF-89E5-FE94FC5F3BCC}.Debug|Any CPU.Build.0 = Debug|Any CPU
		{E222DF13-46FA-4CCF-89E5-FE94FC5F3BCC}.Release|Any CPU.ActiveCfg = Release|Any CPU
		{E222DF13-46FA-4CCF-89E5-FE94FC5F3BCC}.Release|Any CPU.Build.0 = Release|Any CPU
		{8EB20A45-8853-4F71-AC50-E3FA5D5834E0}.Debug|Any CPU.ActiveCfg = Debug|Any CPU
		{8EB20A45-8853-4F71-AC50-E3FA5D5834E0}.Debug|Any CPU.Build.0 = Debug|Any CPU
		{8EB20A45-8853-4F71-AC50-E3FA5D5834E0}.Release|Any CPU.ActiveCfg = Release|Any CPU
		{8EB20A45-8853-4F71-AC50-E3FA5D5834E0}.Release|Any CPU.Build.0 = Release|Any CPU
		{208A141C-2083-4313-A38C-898AA2C2F8E6}.Debug|Any CPU.ActiveCfg = Debug|Any CPU
		{208A141C-2083-4313-A38C-898AA2C2F8E6}.Debug|Any CPU.Build.0 = Debug|Any CPU
		{208A141C-2083-4313-A38C-898AA2C2F8E6}.Release|Any CPU.ActiveCfg = Release|Any CPU
		{208A141C-2083-4313-A38C-898AA2C2F8E6}.Release|Any CPU.Build.0 = Release|Any CPU
		{DE1DD12F-2AD1-4AA1-AEB9-C26E26961726}.Debug|Any CPU.ActiveCfg = Debug|Any CPU
		{DE1DD12F-2AD1-4AA1-AEB9-C26E26961726}.Debug|Any CPU.Build.0 = Debug|Any CPU
		{DE1DD12F-2AD1-4AA1-AEB9-C26E26961726}.Release|Any CPU.ActiveCfg = Release|Any CPU
		{DE1DD12F-2AD1-4AA1-AEB9-C26E26961726}.Release|Any CPU.Build.0 = Release|Any CPU
		{9B5720AD-0E4E-4526-A8DF-ECC502730795}.Debug|Any CPU.ActiveCfg = Debug|Any CPU
		{9B5720AD-0E4E-4526-A8DF-ECC502730795}.Debug|Any CPU.Build.0 = Debug|Any CPU
		{9B5720AD-0E4E-4526-A8DF-ECC502730795}.Release|Any CPU.ActiveCfg = Release|Any CPU
		{9B5720AD-0E4E-4526-A8DF-ECC502730795}.Release|Any CPU.Build.0 = Release|Any CPU
		{3051C9F8-AFF0-4FAD-810F-D39C59DBB5DF}.Debug|Any CPU.ActiveCfg = Debug|Any CPU
		{3051C9F8-AFF0-4FAD-810F-D39C59DBB5DF}.Debug|Any CPU.Build.0 = Debug|Any CPU
		{3051C9F8-AFF0-4FAD-810F-D39C59DBB5DF}.Release|Any CPU.ActiveCfg = Release|Any CPU
		{3051C9F8-AFF0-4FAD-810F-D39C59DBB5DF}.Release|Any CPU.Build.0 = Release|Any CPU
		{42413226-5CF7-4A21-8BA7-D85697E4D009}.Debug|Any CPU.ActiveCfg = Debug|Any CPU
		{42413226-5CF7-4A21-8BA7-D85697E4D009}.Debug|Any CPU.Build.0 = Debug|Any CPU
		{42413226-5CF7-4A21-8BA7-D85697E4D009}.Release|Any CPU.ActiveCfg = Release|Any CPU
		{42413226-5CF7-4A21-8BA7-D85697E4D009}.Release|Any CPU.Build.0 = Release|Any CPU
		{F4AE0365-C912-4BA1-B64E-143AC4073CDD}.Debug|Any CPU.ActiveCfg = Debug|Any CPU
		{F4AE0365-C912-4BA1-B64E-143AC4073CDD}.Debug|Any CPU.Build.0 = Debug|Any CPU
		{F4AE0365-C912-4BA1-B64E-143AC4073CDD}.Release|Any CPU.ActiveCfg = Release|Any CPU
		{F4AE0365-C912-4BA1-B64E-143AC4073CDD}.Release|Any CPU.Build.0 = Release|Any CPU
	EndGlobalSection
	GlobalSection(SolutionProperties) = preSolution
		HideSolutionNode = FALSE
	EndGlobalSection
	GlobalSection(ExtensibilityGlobals) = postSolution
		SolutionGuid = {F0E4277B-9752-49F6-A72E-77CDD6907C13}
	EndGlobalSection
EndGlobal
