
Microsoft Visual Studio Solution File, Format Version 12.00
# Visual Studio Version 17
VisualStudioVersion = 17.7.34202.233
MinimumVisualStudioVersion = 10.0.40219.1
Project("{9A19103F-16F7-4668-BE54-9A1E7A4F7556}") = "L01-OOPalapok", "L01-OOPalapok\L01-OOPalapok.csproj", "{2095C113-7850-4C64-84CD-2BA0AC5EE582}"
EndProject
Project("{9A19103F-16F7-4668-BE54-9A1E7A4F7556}") = "L02-Oroklodes", "L02-Oroklodes\L02-Oroklodes.csproj", "{9FAA41FD-E990-4358-AFFA-E5E4A8E8E3E6}"
EndProject
Project("{9A19103F-16F7-4668-BE54-9A1E7A4F7556}") = "L03-Interface", "L03-Interface\L03-Interface.csproj", "{E222DF13-46FA-4CCF-89E5-FE94FC5F3BCC}"
EndProject
Project("{9A19103F-16F7-4668-BE54-9A1E7A4F7556}") = "L04-NUnit", "L04-NUnit\L04-NUnit.csproj", "{8EB20A45-8853-4F71-AC50-E3FA5D5834E0}"
EndProject
Project("{9A19103F-16F7-4668-BE54-9A1E7A4F7556}") = "L04-NUnit_Tester", "L04-NUnit_Tester\L04-NUnit_Tester.csproj", "{208A141C-2083-4313-A38C-898AA2C2F8E6}"
EndProject
Project("{9A19103F-16F7-4668-BE54-9A1E7A4F7556}") = "L05-Kivetel", "L05-Kivetel\L05-Kivetel.csproj", "{DE1DD12F-2AD1-4AA1-AEB9-C26E26961726}"
EndProject
Project("{9A19103F-16F7-4668-BE54-9A1E7A4F7556}") = "L05-Kivetel_Tester", "L05-Kivetel_Tester\L05-Kivetel_Tester.csproj", "{9B5720AD-0E4E-4526-A8DF-ECC502730795}"
EndProject
Project("{9A19103F-16F7-4668-BE54-9A1E7A4F7556}") = "L06-MintaZH1", "L06-MintaZH1\L06-MintaZH1.csproj", "{3051C9F8-AFF0-4FAD-810F-D39C59DBB5DF}"
EndProject
Project("{9A19103F-16F7-4668-BE54-9A1E7A4F7556}") = "L06-MintaZH1_Tester", "L06-MintaZH1_Tester\L06-MintaZH1_Tester.csproj", "{42413226-5CF7-4A21-8BA7-D85697E4D009}"
EndProject
Project("{9A19103F-16F7-4668-BE54-9A1E7A4F7556}") = "L08-ProgTetelekGyakorlasa", "L08-ProgTetelekGyakorlasa\L08-ProgTetelekGyakorlasa.csproj", "{F4AE0365-C912-4BA1-B64E-143AC4073CDD}"
EndProject
Project("{9A19103F-16F7-4668-BE54-9A1E7A4F7556}") = "L09-TrainingCosts", "L09-TrainingCosts\L09-TrainingCosts.csproj", "{1CDEFD10-B433-4981-AB03-1847430A41B3}"
EndProject
Project("{9A19103F-16F7-4668-BE54-9A1E7A4F7556}") = "L09-TrainingCostsTests", "L09-TrainingCostsTests\L09-TrainingCostsTests.csproj", "{DED12D82-083C-4306-AD82-E4872EDFF7DA}"
EndProject
Project("{9A19103F-16F7-4668-BE54-9A1E7A4F7556}") = "L10-Rendezes", "L10-Rendezes\L10-Rendezes.csproj", "{377D29E4-1735-44A1-98FF-FD4476C3B656}"
EndProject
Project("{9A19103F-16F7-4668-BE54-9A1E7A4F7556}") = "L10-Rendezes_Tests", "L10-Rendezes_Tests\L10-Rendezes_Tests.csproj", "{9BBDA53B-5D02-47D0-BA6A-D0744A7FDD59}"
EndProject
Project("{9A19103F-16F7-4668-BE54-9A1E7A4F7556}") = "L11-Halmazok", "L11-Halmazok\L11-Halmazok.csproj", "{C867F786-3A1F-47F2-9EB6-D2173BAD1CF5}"
EndProject
Project("{9A19103F-16F7-4668-BE54-9A1E7A4F7556}") = "L11-Halmazok_Tests", "L11-Halmazok_Tests\L11-Halmazok_Tests.csproj", "{A6BA83C1-150A-47F9-95E6-B1A115E82828}"
EndProject
Project("{FAE04EC0-301F-11D3-BF4B-00C04F79EFBC}") = "L12-MintaZH2", "L12-MintaZH2\L12-MintaZH2.csproj", "{6A6E1FAE-32EE-4F9E-A698-7E1B5ADCD83F}"
EndProject
Project("{FAE04EC0-301F-11D3-BF4B-00C04F79EFBC}") = "L12-MintaZH2_Tester", "L12-MintaZH2_Tester\L12-MintaZH2_Tester.csproj", "{A274FCFC-3D13-4176-9857-5A5636D8D118}"
EndProject
Global
	GlobalSection(SolutionConfigurationPlatforms) = preSolution
		Debug|Any CPU = Debug|Any CPU
		Release|Any CPU = Release|Any CPU
	EndGlobalSection
	GlobalSection(ProjectConfigurationPlatforms) = postSolution
		{2095C113-7850-4C64-84CD-2BA0AC5EE582}.Debug|Any CPU.ActiveCfg = Debug|Any CPU
		{2095C113-7850-4C64-84CD-2BA0AC5EE582}.Debug|Any CPU.Build.0 = Debug|Any CPU
		{2095C113-7850-4C64-84CD-2BA0AC5EE582}.Release|Any CPU.ActiveCfg = Release|Any CPU
		{2095C113-7850-4C64-84CD-2BA0AC5EE582}.Release|Any CPU.Build.0 = Release|Any CPU
		{9FAA41FD-E990-4358-AFFA-E5E4A8E8E3E6}.Debug|Any CPU.ActiveCfg = Debug|Any CPU
		{9FAA41FD-E990-4358-AFFA-E5E4A8E8E3E6}.Debug|Any CPU.Build.0 = Debug|Any CPU
		{9FAA41FD-E990-4358-AFFA-E5E4A8E8E3E6}.Release|Any CPU.ActiveCfg = Release|Any CPU
		{9FAA41FD-E990-4358-AFFA-E5E4A8E8E3E6}.Release|Any CPU.Build.0 = Release|Any CPU
		{E222DF13-46FA-4CCF-89E5-FE94FC5F3BCC}.Debug|Any CPU.ActiveCfg = Debug|Any CPU
		{E222DF13-46FA-4CCF-89E5-FE94FC5F3BCC}.Debug|Any CPU.Build.0 = Debug|Any CPU
		{E222DF13-46FA-4CCF-89E5-FE94FC5F3BCC}.Release|Any CPU.ActiveCfg = Release|Any CPU
		{E222DF13-46FA-4CCF-89E5-FE94FC5F3BCC}.Release|Any CPU.Build.0 = Release|Any CPU
		{8EB20A45-8853-4F71-AC50-E3FA5D5834E0}.Debug|Any CPU.ActiveCfg = Debug|Any CPU
		{8EB20A45-8853-4F71-AC50-E3FA5D5834E0}.Debug|Any CPU.Build.0 = Debug|Any CPU
		{8EB20A45-8853-4F71-AC50-E3FA5D5834E0}.Release|Any CPU.ActiveCfg = Release|Any CPU
		{8EB20A45-8853-4F71-AC50-E3FA5D5834E0}.Release|Any CPU.Build.0 = Release|Any CPU
		{208A141C-2083-4313-A38C-898AA2C2F8E6}.Debug|Any CPU.ActiveCfg = Debug|Any CPU
		{208A141C-2083-4313-A38C-898AA2C2F8E6}.Debug|Any CPU.Build.0 = Debug|Any CPU
		{208A141C-2083-4313-A38C-898AA2C2F8E6}.Release|Any CPU.ActiveCfg = Release|Any CPU
		{208A141C-2083-4313-A38C-898AA2C2F8E6}.Release|Any CPU.Build.0 = Release|Any CPU
		{DE1DD12F-2AD1-4AA1-AEB9-C26E26961726}.Debug|Any CPU.ActiveCfg = Debug|Any CPU
		{DE1DD12F-2AD1-4AA1-AEB9-C26E26961726}.Debug|Any CPU.Build.0 = Debug|Any CPU
		{DE1DD12F-2AD1-4AA1-AEB9-C26E26961726}.Release|Any CPU.ActiveCfg = Release|Any CPU
		{DE1DD12F-2AD1-4AA1-AEB9-C26E26961726}.Release|Any CPU.Build.0 = Release|Any CPU
		{9B5720AD-0E4E-4526-A8DF-ECC502730795}.Debug|Any CPU.ActiveCfg = Debug|Any CPU
		{9B5720AD-0E4E-4526-A8DF-ECC502730795}.Debug|Any CPU.Build.0 = Debug|Any CPU
		{9B5720AD-0E4E-4526-A8DF-ECC502730795}.Release|Any CPU.ActiveCfg = Release|Any CPU
		{9B5720AD-0E4E-4526-A8DF-ECC502730795}.Release|Any CPU.Build.0 = Release|Any CPU
		{3051C9F8-AFF0-4FAD-810F-D39C59DBB5DF}.Debug|Any CPU.ActiveCfg = Debug|Any CPU
		{3051C9F8-AFF0-4FAD-810F-D39C59DBB5DF}.Debug|Any CPU.Build.0 = Debug|Any CPU
		{3051C9F8-AFF0-4FAD-810F-D39C59DBB5DF}.Release|Any CPU.ActiveCfg = Release|Any CPU
		{3051C9F8-AFF0-4FAD-810F-D39C59DBB5DF}.Release|Any CPU.Build.0 = Release|Any CPU
		{42413226-5CF7-4A21-8BA7-D85697E4D009}.Debug|Any CPU.ActiveCfg = Debug|Any CPU
		{42413226-5CF7-4A21-8BA7-D85697E4D009}.Debug|Any CPU.Build.0 = Debug|Any CPU
		{42413226-5CF7-4A21-8BA7-D85697E4D009}.Release|Any CPU.ActiveCfg = Release|Any CPU
		{42413226-5CF7-4A21-8BA7-D85697E4D009}.Release|Any CPU.Build.0 = Release|Any CPU
		{F4AE0365-C912-4BA1-B64E-143AC4073CDD}.Debug|Any CPU.ActiveCfg = Debug|Any CPU
		{F4AE0365-C912-4BA1-B64E-143AC4073CDD}.Debug|Any CPU.Build.0 = Debug|Any CPU
		{F4AE0365-C912-4BA1-B64E-143AC4073CDD}.Release|Any CPU.ActiveCfg = Release|Any CPU
		{F4AE0365-C912-4BA1-B64E-143AC4073CDD}.Release|Any CPU.Build.0 = Release|Any CPU
		{1CDEFD10-B433-4981-AB03-1847430A41B3}.Debug|Any CPU.ActiveCfg = Debug|Any CPU
		{1CDEFD10-B433-4981-AB03-1847430A41B3}.Debug|Any CPU.Build.0 = Debug|Any CPU
		{1CDEFD10-B433-4981-AB03-1847430A41B3}.Release|Any CPU.ActiveCfg = Release|Any CPU
		{1CDEFD10-B433-4981-AB03-1847430A41B3}.Release|Any CPU.Build.0 = Release|Any CPU
		{DED12D82-083C-4306-AD82-E4872EDFF7DA}.Debug|Any CPU.ActiveCfg = Debug|Any CPU
		{DED12D82-083C-4306-AD82-E4872EDFF7DA}.Debug|Any CPU.Build.0 = Debug|Any CPU
		{DED12D82-083C-4306-AD82-E4872EDFF7DA}.Release|Any CPU.ActiveCfg = Release|Any CPU
		{DED12D82-083C-4306-AD82-E4872EDFF7DA}.Release|Any CPU.Build.0 = Release|Any CPU
		{377D29E4-1735-44A1-98FF-FD4476C3B656}.Debug|Any CPU.ActiveCfg = Debug|Any CPU
		{377D29E4-1735-44A1-98FF-FD4476C3B656}.Debug|Any CPU.Build.0 = Debug|Any CPU
		{377D29E4-1735-44A1-98FF-FD4476C3B656}.Release|Any CPU.ActiveCfg = Release|Any CPU
		{377D29E4-1735-44A1-98FF-FD4476C3B656}.Release|Any CPU.Build.0 = Release|Any CPU
		{9BBDA53B-5D02-47D0-BA6A-D0744A7FDD59}.Debug|Any CPU.ActiveCfg = Debug|Any CPU
		{9BBDA53B-5D02-47D0-BA6A-D0744A7FDD59}.Debug|Any CPU.Build.0 = Debug|Any CPU
		{9BBDA53B-5D02-47D0-BA6A-D0744A7FDD59}.Release|Any CPU.ActiveCfg = Release|Any CPU
		{9BBDA53B-5D02-47D0-BA6A-D0744A7FDD59}.Release|Any CPU.Build.0 = Release|Any CPU
		{C867F786-3A1F-47F2-9EB6-D2173BAD1CF5}.Debug|Any CPU.ActiveCfg = Debug|Any CPU
		{C867F786-3A1F-47F2-9EB6-D2173BAD1CF5}.Debug|Any CPU.Build.0 = Debug|Any CPU
		{C867F786-3A1F-47F2-9EB6-D2173BAD1CF5}.Release|Any CPU.ActiveCfg = Release|Any CPU
		{C867F786-3A1F-47F2-9EB6-D2173BAD1CF5}.Release|Any CPU.Build.0 = Release|Any CPU
		{A6BA83C1-150A-47F9-95E6-B1A115E82828}.Debug|Any CPU.ActiveCfg = Debug|Any CPU
		{A6BA83C1-150A-47F9-95E6-B1A115E82828}.Debug|Any CPU.Build.0 = Debug|Any CPU
		{A6BA83C1-150A-47F9-95E6-B1A115E82828}.Release|Any CPU.ActiveCfg = Release|Any CPU
		{A6BA83C1-150A-47F9-95E6-B1A115E82828}.Release|Any CPU.Build.0 = Release|Any CPU
		{6A6E1FAE-32EE-4F9E-A698-7E1B5ADCD83F}.Debug|Any CPU.ActiveCfg = Debug|Any CPU
		{6A6E1FAE-32EE-4F9E-A698-7E1B5ADCD83F}.Debug|Any CPU.Build.0 = Debug|Any CPU
		{6A6E1FAE-32EE-4F9E-A698-7E1B5ADCD83F}.Release|Any CPU.ActiveCfg = Release|Any CPU
		{6A6E1FAE-32EE-4F9E-A698-7E1B5ADCD83F}.Release|Any CPU.Build.0 = Release|Any CPU
		{A274FCFC-3D13-4176-9857-5A5636D8D118}.Debug|Any CPU.ActiveCfg = Debug|Any CPU
		{A274FCFC-3D13-4176-9857-5A5636D8D118}.Debug|Any CPU.Build.0 = Debug|Any CPU
		{A274FCFC-3D13-4176-9857-5A5636D8D118}.Release|Any CPU.ActiveCfg = Release|Any CPU
		{A274FCFC-3D13-4176-9857-5A5636D8D118}.Release|Any CPU.Build.0 = Release|Any CPU
	EndGlobalSection
	GlobalSection(SolutionProperties) = preSolution
		HideSolutionNode = FALSE
	EndGlobalSection
	GlobalSection(ExtensibilityGlobals) = postSolution
		SolutionGuid = {F0E4277B-9752-49F6-A72E-77CDD6907C13}
	EndGlobalSection
EndGlobal
