
Microsoft Visual Studio Solution File, Format Version 12.00
# Visual Studio Version 17
VisualStudioVersion = 17.7.34202.233
MinimumVisualStudioVersion = 10.0.40219.1
Project("{9A19103F-16F7-4668-BE54-9A1E7A4F7556}") = "L01-OOPalapok", "L01-OOPalapok\L01-OOPalapok.csproj", "{2095C113-7850-4C64-84CD-2BA0AC5EE582}"
EndProject
Project("{FAE04EC0-301F-11D3-BF4B-00C04F79EFBC}") = "L02-Oroklodes", "L02-Oroklodes\L02-Oroklodes.csproj", "{9FAA41FD-E990-4358-AFFA-E5E4A8E8E3E6}"
EndProject
Global
	GlobalSection(SolutionConfigurationPlatforms) = preSolution
		Debug|Any CPU = Debug|Any CPU
		Release|Any CPU = Release|Any CPU
	EndGlobalSection
	GlobalSection(ProjectConfigurationPlatforms) = postSolution
		{2095C113-7850-4C64-84CD-2BA0AC5EE582}.Debug|Any CPU.ActiveCfg = Debug|Any CPU
		{2095C113-7850-4C64-84CD-2BA0AC5EE582}.Debug|Any CPU.Build.0 = Debug|Any CPU
		{2095C113-7850-4C64-84CD-2BA0AC5EE582}.Release|Any CPU.ActiveCfg = Release|Any CPU
		{2095C113-7850-4C64-84CD-2BA0AC5EE582}.Release|Any CPU.Build.0 = Release|Any CPU
		{9FAA41FD-E990-4358-AFFA-E5E4A8E8E3E6}.Debug|Any CPU.ActiveCfg = Debug|Any CPU
		{9FAA41FD-E990-4358-AFFA-E5E4A8E8E3E6}.Debug|Any CPU.Build.0 = Debug|Any CPU
		{9FAA41FD-E990-4358-AFFA-E5E4A8E8E3E6}.Release|Any CPU.ActiveCfg = Release|Any CPU
		{9FAA41FD-E990-4358-AFFA-E5E4A8E8E3E6}.Release|Any CPU.Build.0 = Release|Any CPU
	EndGlobalSection
	GlobalSection(SolutionProperties) = preSolution
		HideSolutionNode = FALSE
	EndGlobalSection
	GlobalSection(ExtensibilityGlobals) = postSolution
		SolutionGuid = {F0E4277B-9752-49F6-A72E-77CDD6907C13}
	EndGlobalSection
EndGlobal
